# THIS IS AN AUTOGENERATED FILE. DO NOT EDIT THIS FILE DIRECTLY.
# yarn lockfile v1


"@primer/css@^19.2.0":
  version "19.2.0"
  resolved "https://registry.yarnpkg.com/@primer/css/-/css-19.2.0.tgz#afd1821c46da5a1c675f8e74a38fa566434c868b"
  integrity sha512-20fJIGZy/s+LqDfqR1qqGS34LZTg3co4XbeL+Lv45LBqsVQ+ULwURNU6y3JBb78THLbish9V4TccPw59dj1YOQ==
  dependencies:
    "@primer/primitives" "^7.4.0"

"@primer/primitives@^7.4.0":
  version "7.4.1"
  resolved "https://registry.yarnpkg.com/@primer/primitives/-/primitives-7.4.1.tgz#5ab1af3b078bb6b7b158ac84a1ae8a07fbdd3f95"
  integrity sha512-cos7zQ6tgTtbQzF1gymiuQPcccqkHpccQCaahMRdqHqJP7kiG9/lbq+u13UdrAFJ8iJEyORfHXKd+bwhQf4svw==

bootstrap@^5.0.2:
  version "5.0.2"
  resolved "https://registry.yarnpkg.com/bootstrap/-/bootstrap-5.0.2.tgz#aff23d5e0e03c31255ad437530ee6556e78e728e"
  integrity sha512-1Ge963tyEQWJJ+8qtXFU6wgmAVj9gweEjibUdbmcCEYsn38tVwRk8107rk2vzt6cfQcRr3SlZ8aQBqaD8aqf+Q==

clipboard@^2.0.9:
  version "2.0.9"
  resolved "https://registry.yarnpkg.com/clipboard/-/clipboard-2.0.9.tgz#beca1a755fb2c65938cc7c6092c421f922632641"
  integrity sha512-JK1AIxL35mdvQoP50gelg1Gsx6wMsfjtMCzFAdePdrGEHaqTnNAz3qZg4vhmLQDlpTqiVgj7GRzmpIDsAcdvRA==
  dependencies:
    good-listener "^1.2.2"
    select "^1.1.2"
    tiny-emitter "^2.0.0"

delegate@^3.1.2:
  version "3.2.0"
  resolved "https://registry.yarnpkg.com/delegate/-/delegate-3.2.0.tgz#b66b71c3158522e8ab5744f720d8ca0c2af59166"
  integrity sha512-IofjkYBZaZivn0V8nnsMJGBr4jVLxHDheKSW88PyxS5QC4Vo9ZbZVvhzlSxY87fVq3STR6r+4cGepyHkcWOQSw==

featherlight@^1.7.14:
  version "1.7.14"
  resolved "https://registry.yarnpkg.com/featherlight/-/featherlight-1.7.14.tgz#7896909d0d7ac4672c334ba018363e519d31e4db"
  integrity sha512-4R0Vk0pTN5IPCuMABPtXJ6hgGgoK1qwbxGB4Nf06gXovw/i+r3s/f94ksZYjsW3c2oMEAS9A8exdlNaX9YSSRQ==

flag-icons@^6.0.3:
  version "6.0.3"
  resolved "https://registry.yarnpkg.com/flag-icons/-/flag-icons-6.0.3.tgz#424834c5867d9443cd3902a258430166b5749cca"
  integrity sha512-nirBQ1xEeBNHmpPEUe9RDS11Y7reIeqxXgQlOFTHlYd/dJXVznBR5t7t2x2s+CPmstTzIyJ3xEHdM4+7MAML+A==

good-listener@^1.2.2:
  version "1.2.2"
  resolved "https://registry.yarnpkg.com/good-listener/-/good-listener-1.2.2.tgz#d53b30cdf9313dffb7dc9a0d477096aa6d145c50"
  integrity sha1-1TswzfkxPf+33JoNR3CWqm0UXFA=
  dependencies:
    delegate "^3.1.2"

jquery-validation@^1.19.3:
  version "1.19.3"
  resolved "https://registry.yarnpkg.com/jquery-validation/-/jquery-validation-1.19.3.tgz#50b350eba8b02bcfd119ba15f199487b7eb64086"
  integrity sha512-iXxCS5W7STthSTMFX/NDZfWHBLbJ1behVK3eAgHXAV8/0vRa9M4tiqHvJMr39VGWHMGdlkhrtrkBuaL2UlE8yw==

lazysizes@^5.3.2:
  version "5.3.2"
  resolved "https://registry.yarnpkg.com/lazysizes/-/lazysizes-5.3.2.tgz#27f974c26f5fcc33e7db765c0f4930488c8a2984"
  integrity sha512-22UzWP+Vedi/sMeOr8O7FWimRVtiNJV2HCa+V8+peZOw6QbswN9k58VUhd7i6iK5bw5QkYrF01LJbeJe0PV8jg==

lodash.debounce@^4.0.8:
  version "4.0.8"
  resolved "https://registry.yarnpkg.com/lodash.debounce/-/lodash.debounce-4.0.8.tgz#82d79bff30a67c4005ffd5e2515300ad9ca4d7af"
  integrity sha1-gteb/zCmfEAF/9XiUVMArZyk168=

novicell-debounce@^1.0.0:
  version "1.0.0"
  resolved "https://registry.yarnpkg.com/novicell-debounce/-/novicell-debounce-1.0.0.tgz#faa081cef434f5b9e148e83627b35f83c2269480"
  integrity sha512-fC5espvh7/H6TtbmAor9lB9TlWABMmg3hrrcgRcC7gMCq+dl7iKvNwzVQXTKxLUy9V9Gx02ghiI7LZKbXOGdSw==

select@^1.1.2:
  version "1.1.2"
  resolved "https://registry.yarnpkg.com/select/-/select-1.1.2.tgz#0e7350acdec80b1108528786ec1d4418d11b396d"
  integrity sha1-DnNQrN7ICxEIUoeG7B1EGNEbOW0=

slick-carousel@^1.8.1:
  version "1.8.1"
  resolved "https://registry.yarnpkg.com/slick-carousel/-/slick-carousel-1.8.1.tgz#a4bfb29014887bb66ce528b90bd0cda262cc8f8d"
  integrity sha512-XB9Ftrf2EEKfzoQXt3Nitrt/IPbT+f1fgqBdoxO3W/+JYvtEOW6EgxnWfr9GH6nmULv7Y2tPmEX3koxThVmebA==

tiny-emitter@^2.0.0:
  version "2.1.0"
  resolved "https://registry.yarnpkg.com/tiny-emitter/-/tiny-emitter-2.1.0.tgz#1d1a56edfc51c43e863cbb5382a72330e3555423"
  integrity sha512-NB6Dk1A9xgQPMoGqC5CVXn123gWyte215ONT5Pp5a0yt4nlEoO1ZWeCwpncaekPHXO60i47ihFnZPiRPjRMq4Q==

waypoints@^4.0.1:
  version "4.0.1"
  resolved "https://registry.yarnpkg.com/waypoints/-/waypoints-4.0.1.tgz#09979a0573810b29627cba4366a284a062ec69c8"
  integrity sha1-CZeaBXOBCylifLpDZqKEoGLsacg=
